
Microsoft Visual Studio Solution File, Format Version 12.00
# Visual Studio Version 16
VisualStudioVersion = 16.0.31424.327
MinimumVisualStudioVersion = 10.0.40219.1
Project("{9A19103F-16F7-4668-BE54-9A1E7A4F7556}") = "WilsonDayCounter", "WilsonDayCounter\WilsonDayCounter.csproj", "{69D1E7FF-7906-4E5C-ABC8-75C7AC68653E}"
EndProject
Project("{9A19103F-16F7-4668-BE54-9A1E7A4F7556}") = "WilsonDayCounter.Business", "WilsonDayCounter.Business\WilsonDayCounter.Business.csproj", "{2AC016D0-7946-4DD5-9172-6AA6C1F9EF52}"
EndProject
Project("{9A19103F-16F7-4668-BE54-9A1E7A4F7556}") = "WilsonDayCounter.Data", "WilsonDayCounter.Data\WilsonDayCounter.Data.csproj", "{244B3149-7F23-4944-B476-DC70DE72FC51}"
EndProject
Global
	GlobalSection(SolutionConfigurationPlatforms) = preSolution
		Debug|Any CPU = Debug|Any CPU
		Release|Any CPU = Release|Any CPU
	EndGlobalSection
	GlobalSection(ProjectConfigurationPlatforms) = postSolution
		{69D1E7FF-7906-4E5C-ABC8-75C7AC68653E}.Debug|Any CPU.ActiveCfg = Debug|Any CPU
		{69D1E7FF-7906-4E5C-ABC8-75C7AC68653E}.Debug|Any CPU.Build.0 = Debug|Any CPU
		{69D1E7FF-7906-4E5C-ABC8-75C7AC68653E}.Release|Any CPU.ActiveCfg = Release|Any CPU
		{69D1E7FF-7906-4E5C-ABC8-75C7AC68653E}.Release|Any CPU.Build.0 = Release|Any CPU
		{2AC016D0-7946-4DD5-9172-6AA6C1F9EF52}.Debug|Any CPU.ActiveCfg = Debug|Any CPU
		{2AC016D0-7946-4DD5-9172-6AA6C1F9EF52}.Debug|Any CPU.Build.0 = Debug|Any CPU
		{2AC016D0-7946-4DD5-9172-6AA6C1F9EF52}.Release|Any CPU.ActiveCfg = Release|Any CPU
		{2AC016D0-7946-4DD5-9172-6AA6C1F9EF52}.Release|Any CPU.Build.0 = Release|Any CPU
		{244B3149-7F23-4944-B476-DC70DE72FC51}.Debug|Any CPU.ActiveCfg = Debug|Any CPU
		{244B3149-7F23-4944-B476-DC70DE72FC51}.Debug|Any CPU.Build.0 = Debug|Any CPU
		{244B3149-7F23-4944-B476-DC70DE72FC51}.Release|Any CPU.ActiveCfg = Release|Any CPU
		{244B3149-7F23-4944-B476-DC70DE72FC51}.Release|Any CPU.Build.0 = Release|Any CPU
	EndGlobalSection
	GlobalSection(SolutionProperties) = preSolution
		HideSolutionNode = FALSE
	EndGlobalSection
	GlobalSection(ExtensibilityGlobals) = postSolution
		SolutionGuid = {11FEF770-CEBB-4FE2-B862-60C4C599EB0B}
	EndGlobalSection
EndGlobal
